
Microsoft Visual Studio Solution File, Format Version 12.00
# Visual Studio Version 16
VisualStudioVersion = 16.0.29123.88
MinimumVisualStudioVersion = 10.0.40219.1
Project("{888888A0-9F3D-457C-B088-3A5042F75D52}") = "obamanet", "obamanet.pyproj", "{985511E8-5FBB-4935-A1E4-B46BBDAA19C5}"
EndProject
Global
	GlobalSection(SolutionConfigurationPlatforms) = preSolution
		Debug|Any CPU = Debug|Any CPU
		Release|Any CPU = Release|Any CPU
	EndGlobalSection
	GlobalSection(ProjectConfigurationPlatforms) = postSolution
		{985511E8-5FBB-4935-A1E4-B46BBDAA19C5}.Debug|Any CPU.ActiveCfg = Debug|Any CPU
		{985511E8-5FBB-4935-A1E4-B46BBDAA19C5}.Release|Any CPU.ActiveCfg = Release|Any CPU
	EndGlobalSection
	GlobalSection(SolutionProperties) = preSolution
		HideSolutionNode = FALSE
	EndGlobalSection
	GlobalSection(ExtensibilityGlobals) = postSolution
		SolutionGuid = {44D7774C-2DDA-462E-A2E4-77DBFA4E1F97}
	EndGlobalSection
EndGlobal
